
Microsoft Visual Studio Solution File, Format Version 12.00
# Visual Studio Version 17
VisualStudioVersion = 17.0.31903.59
MinimumVisualStudioVersion = 10.0.40219.1
Project("{2150E333-8FDC-42A3-9474-1A3956D46DE8}") = "src", "src", "{7A3229A3-472D-4561-AEA2-DF1E01757E25}"
EndProject
Project("{FAE04EC0-301F-11D3-BF4B-00C04F79EFBC}") = "AuctionService", "src\AuctionService\AuctionService.csproj", "{F0A45AEF-44DE-4D98-8631-D6424A412F84}"
EndProject
Project("{FAE04EC0-301F-11D3-BF4B-00C04F79EFBC}") = "SearchService", "src\SearchService\SearchService.csproj", "{A798F563-6601-493C-BD09-98FB891564F2}"
EndProject
Project("{FAE04EC0-301F-11D3-BF4B-00C04F79EFBC}") = "Contracts", "src\Contracts\Contracts.csproj", "{598E6113-E05C-4044-8D57-2FD868E564C9}"
EndProject
Project("{FAE04EC0-301F-11D3-BF4B-00C04F79EFBC}") = "IdentityService", "src\IdentityService\IdentityService.csproj", "{E8C9FAD2-1B56-4393-9F19-3C5254DE519A}"
EndProject
Project("{FAE04EC0-301F-11D3-BF4B-00C04F79EFBC}") = "GatewayService", "src\GatewayService\GatewayService.csproj", "{CBB1ADB5-0338-4829-8F78-F69FB092772E}"
EndProject
Project("{FAE04EC0-301F-11D3-BF4B-00C04F79EFBC}") = "BiddingService", "src\BiddingService\BiddingService.csproj", "{FA3B950E-E0EE-4B4C-A27C-9F27ACB588EF}"
EndProject
Global
	GlobalSection(SolutionConfigurationPlatforms) = preSolution
		Debug|Any CPU = Debug|Any CPU
		Release|Any CPU = Release|Any CPU
	EndGlobalSection
	GlobalSection(SolutionProperties) = preSolution
		HideSolutionNode = FALSE
	EndGlobalSection
	GlobalSection(ProjectConfigurationPlatforms) = postSolution
		{F0A45AEF-44DE-4D98-8631-D6424A412F84}.Debug|Any CPU.ActiveCfg = Debug|Any CPU
		{F0A45AEF-44DE-4D98-8631-D6424A412F84}.Debug|Any CPU.Build.0 = Debug|Any CPU
		{F0A45AEF-44DE-4D98-8631-D6424A412F84}.Release|Any CPU.ActiveCfg = Release|Any CPU
		{F0A45AEF-44DE-4D98-8631-D6424A412F84}.Release|Any CPU.Build.0 = Release|Any CPU
		{A798F563-6601-493C-BD09-98FB891564F2}.Debug|Any CPU.ActiveCfg = Debug|Any CPU
		{A798F563-6601-493C-BD09-98FB891564F2}.Debug|Any CPU.Build.0 = Debug|Any CPU
		{A798F563-6601-493C-BD09-98FB891564F2}.Release|Any CPU.ActiveCfg = Release|Any CPU
		{A798F563-6601-493C-BD09-98FB891564F2}.Release|Any CPU.Build.0 = Release|Any CPU
		{62CADDA1-F127-4458-BC8A-9E7C399EBF07}.Debug|Any CPU.ActiveCfg = Debug|Any CPU
		{62CADDA1-F127-4458-BC8A-9E7C399EBF07}.Debug|Any CPU.Build.0 = Debug|Any CPU
		{62CADDA1-F127-4458-BC8A-9E7C399EBF07}.Release|Any CPU.ActiveCfg = Release|Any CPU
		{62CADDA1-F127-4458-BC8A-9E7C399EBF07}.Release|Any CPU.Build.0 = Release|Any CPU
		{598E6113-E05C-4044-8D57-2FD868E564C9}.Debug|Any CPU.ActiveCfg = Debug|Any CPU
		{598E6113-E05C-4044-8D57-2FD868E564C9}.Debug|Any CPU.Build.0 = Debug|Any CPU
		{598E6113-E05C-4044-8D57-2FD868E564C9}.Release|Any CPU.ActiveCfg = Release|Any CPU
		{598E6113-E05C-4044-8D57-2FD868E564C9}.Release|Any CPU.Build.0 = Release|Any CPU
		{E8C9FAD2-1B56-4393-9F19-3C5254DE519A}.Debug|Any CPU.ActiveCfg = Debug|Any CPU
		{E8C9FAD2-1B56-4393-9F19-3C5254DE519A}.Debug|Any CPU.Build.0 = Debug|Any CPU
		{E8C9FAD2-1B56-4393-9F19-3C5254DE519A}.Release|Any CPU.ActiveCfg = Release|Any CPU
		{E8C9FAD2-1B56-4393-9F19-3C5254DE519A}.Release|Any CPU.Build.0 = Release|Any CPU
		{CBB1ADB5-0338-4829-8F78-F69FB092772E}.Debug|Any CPU.ActiveCfg = Debug|Any CPU
		{CBB1ADB5-0338-4829-8F78-F69FB092772E}.Debug|Any CPU.Build.0 = Debug|Any CPU
		{CBB1ADB5-0338-4829-8F78-F69FB092772E}.Release|Any CPU.ActiveCfg = Release|Any CPU
		{CBB1ADB5-0338-4829-8F78-F69FB092772E}.Release|Any CPU.Build.0 = Release|Any CPU
		{FA3B950E-E0EE-4B4C-A27C-9F27ACB588EF}.Debug|Any CPU.ActiveCfg = Debug|Any CPU
		{FA3B950E-E0EE-4B4C-A27C-9F27ACB588EF}.Debug|Any CPU.Build.0 = Debug|Any CPU
		{FA3B950E-E0EE-4B4C-A27C-9F27ACB588EF}.Release|Any CPU.ActiveCfg = Release|Any CPU
		{FA3B950E-E0EE-4B4C-A27C-9F27ACB588EF}.Release|Any CPU.Build.0 = Release|Any CPU
	EndGlobalSection
	GlobalSection(NestedProjects) = preSolution
		{F0A45AEF-44DE-4D98-8631-D6424A412F84} = {7A3229A3-472D-4561-AEA2-DF1E01757E25}
		{A798F563-6601-493C-BD09-98FB891564F2} = {7A3229A3-472D-4561-AEA2-DF1E01757E25}
		{598E6113-E05C-4044-8D57-2FD868E564C9} = {7A3229A3-472D-4561-AEA2-DF1E01757E25}
		{E8C9FAD2-1B56-4393-9F19-3C5254DE519A} = {7A3229A3-472D-4561-AEA2-DF1E01757E25}
		{CBB1ADB5-0338-4829-8F78-F69FB092772E} = {7A3229A3-472D-4561-AEA2-DF1E01757E25}
		{FA3B950E-E0EE-4B4C-A27C-9F27ACB588EF} = {7A3229A3-472D-4561-AEA2-DF1E01757E25}
	EndGlobalSection
EndGlobal
